
Microsoft Visual Studio Solution File, Format Version 12.00
# Visual Studio Version 17
VisualStudioVersion = 17.7.34024.191
MinimumVisualStudioVersion = 10.0.40219.1
Project("{9A19103F-16F7-4668-BE54-9A1E7A4F7556}") = "RepositoryPatternWithUOW", "RepositoryPatternWithUOW\RepositoryPatternWithUOW.csproj", "{6627A280-F582-4C68-97FF-CBE87A6FDD54}"
EndProject
Project("{9A19103F-16F7-4668-BE54-9A1E7A4F7556}") = "RepositoryPatternWithUOW.core", "RepositoryPatternWithUOW.core\RepositoryPatternWithUOW.core.csproj", "{E1609547-FD52-403E-9003-ECFF07C0A683}"
EndProject
Project("{9A19103F-16F7-4668-BE54-9A1E7A4F7556}") = "RepositoryPatternWithUOW.BL", "RepositoryPatternWithUOW.BL\RepositoryPatternWithUOW.BL.csproj", "{09530ED5-F411-407B-AB77-6636C10AC045}"
EndProject
Project("{FAE04EC0-301F-11D3-BF4B-00C04F79EFBC}") = "WebMVC", "WebMVC\WebMVC.csproj", "{B0A7D42F-3E16-4D4A-BE6B-6B0493BECCAC}"
EndProject
Global
	GlobalSection(SolutionConfigurationPlatforms) = preSolution
		Debug|Any CPU = Debug|Any CPU
		Release|Any CPU = Release|Any CPU
	EndGlobalSection
	GlobalSection(ProjectConfigurationPlatforms) = postSolution
		{6627A280-F582-4C68-97FF-CBE87A6FDD54}.Debug|Any CPU.ActiveCfg = Debug|Any CPU
		{6627A280-F582-4C68-97FF-CBE87A6FDD54}.Debug|Any CPU.Build.0 = Debug|Any CPU
		{6627A280-F582-4C68-97FF-CBE87A6FDD54}.Release|Any CPU.ActiveCfg = Release|Any CPU
		{6627A280-F582-4C68-97FF-CBE87A6FDD54}.Release|Any CPU.Build.0 = Release|Any CPU
		{E1609547-FD52-403E-9003-ECFF07C0A683}.Debug|Any CPU.ActiveCfg = Debug|Any CPU
		{E1609547-FD52-403E-9003-ECFF07C0A683}.Debug|Any CPU.Build.0 = Debug|Any CPU
		{E1609547-FD52-403E-9003-ECFF07C0A683}.Release|Any CPU.ActiveCfg = Release|Any CPU
		{E1609547-FD52-403E-9003-ECFF07C0A683}.Release|Any CPU.Build.0 = Release|Any CPU
		{09530ED5-F411-407B-AB77-6636C10AC045}.Debug|Any CPU.ActiveCfg = Debug|Any CPU
		{09530ED5-F411-407B-AB77-6636C10AC045}.Debug|Any CPU.Build.0 = Debug|Any CPU
		{09530ED5-F411-407B-AB77-6636C10AC045}.Release|Any CPU.ActiveCfg = Release|Any CPU
		{09530ED5-F411-407B-AB77-6636C10AC045}.Release|Any CPU.Build.0 = Release|Any CPU
		{B0A7D42F-3E16-4D4A-BE6B-6B0493BECCAC}.Debug|Any CPU.ActiveCfg = Debug|Any CPU
		{B0A7D42F-3E16-4D4A-BE6B-6B0493BECCAC}.Debug|Any CPU.Build.0 = Debug|Any CPU
		{B0A7D42F-3E16-4D4A-BE6B-6B0493BECCAC}.Release|Any CPU.ActiveCfg = Release|Any CPU
		{B0A7D42F-3E16-4D4A-BE6B-6B0493BECCAC}.Release|Any CPU.Build.0 = Release|Any CPU
	EndGlobalSection
	GlobalSection(SolutionProperties) = preSolution
		HideSolutionNode = FALSE
	EndGlobalSection
	GlobalSection(ExtensibilityGlobals) = postSolution
		SolutionGuid = {AE4B4980-BCBA-422A-973C-44863BE003F7}
	EndGlobalSection
EndGlobal
